
Microsoft Visual Studio Solution File, Format Version 12.00
# Visual Studio Version 17
VisualStudioVersion = 17.12.35707.178
MinimumVisualStudioVersion = 10.0.40219.1
Project("{FAE04EC0-301F-11D3-BF4B-00C04F79EFBC}") = "Monopoly", "monopoly\Monopoly.csproj", "{80B89528-7612-417A-8E04-2AD24249B1B2}"
EndProject
Project("{FAE04EC0-301F-11D3-BF4B-00C04F79EFBC}") = "Monopoly.Console", "monopoly.console\Monopoly.Console.csproj", "{9C063C8B-9584-4031-B39D-7911BFE45860}"
EndProject
Global
	GlobalSection(SolutionConfigurationPlatforms) = preSolution
		Debug|Any CPU = Debug|Any CPU
		Release|Any CPU = Release|Any CPU
	EndGlobalSection
	GlobalSection(ProjectConfigurationPlatforms) = postSolution
		{80B89528-7612-417A-8E04-2AD24249B1B2}.Debug|Any CPU.ActiveCfg = Debug|Any CPU
		{80B89528-7612-417A-8E04-2AD24249B1B2}.Debug|Any CPU.Build.0 = Debug|Any CPU
		{80B89528-7612-417A-8E04-2AD24249B1B2}.Release|Any CPU.ActiveCfg = Release|Any CPU
		{80B89528-7612-417A-8E04-2AD24249B1B2}.Release|Any CPU.Build.0 = Release|Any CPU
		{9C063C8B-9584-4031-B39D-7911BFE45860}.Debug|Any CPU.ActiveCfg = Debug|Any CPU
		{9C063C8B-9584-4031-B39D-7911BFE45860}.Debug|Any CPU.Build.0 = Debug|Any CPU
		{9C063C8B-9584-4031-B39D-7911BFE45860}.Release|Any CPU.ActiveCfg = Release|Any CPU
		{9C063C8B-9584-4031-B39D-7911BFE45860}.Release|Any CPU.Build.0 = Release|Any CPU
	EndGlobalSection
	GlobalSection(SolutionProperties) = preSolution
		HideSolutionNode = FALSE
	EndGlobalSection
	GlobalSection(ExtensibilityGlobals) = postSolution
		SolutionGuid = {E6449A3C-79D7-40A4-A9FF-7B8FF745CCE5}
	EndGlobalSection
EndGlobal
